
Microsoft Visual Studio Solution File, Format Version 12.00
# Visual Studio Version 17
VisualStudioVersion = 17.9.34701.34
MinimumVisualStudioVersion = 10.0.40219.1
Project("{8BC9CEB8-8B4A-11D0-8D11-00A0C91BC942}") = "knapsack", "knapsack.vcxproj", "{E2902D46-1E0C-482C-807A-B957EBD4F287}"
EndProject
Global
	GlobalSection(SolutionConfigurationPlatforms) = preSolution
		Debug|x64 = Debug|x64
		Debug|x86 = Debug|x86
		Release|x64 = Release|x64
		Release|x86 = Release|x86
	EndGlobalSection
	GlobalSection(ProjectConfigurationPlatforms) = postSolution
		{E2902D46-1E0C-482C-807A-B957EBD4F287}.Debug|x64.ActiveCfg = Debug|x64
		{E2902D46-1E0C-482C-807A-B957EBD4F287}.Debug|x64.Build.0 = Debug|x64
		{E2902D46-1E0C-482C-807A-B957EBD4F287}.Debug|x86.ActiveCfg = Debug|Win32
		{E2902D46-1E0C-482C-807A-B957EBD4F287}.Debug|x86.Build.0 = Debug|Win32
		{E2902D46-1E0C-482C-807A-B957EBD4F287}.Release|x64.ActiveCfg = Release|x64
		{E2902D46-1E0C-482C-807A-B957EBD4F287}.Release|x64.Build.0 = Release|x64
		{E2902D46-1E0C-482C-807A-B957EBD4F287}.Release|x86.ActiveCfg = Release|Win32
		{E2902D46-1E0C-482C-807A-B957EBD4F287}.Release|x86.Build.0 = Release|Win32
	EndGlobalSection
	GlobalSection(SolutionProperties) = preSolution
		HideSolutionNode = FALSE
	EndGlobalSection
	GlobalSection(ExtensibilityGlobals) = postSolution
		SolutionGuid = {8C6006A4-D506-4164-8BE7-AF3CE9473A69}
	EndGlobalSection
EndGlobal
